<?xml version="1.0" encoding="utf-8"?>
<Project ToolsVersion="4.0" xmlns="http://schemas.microsoft.com/developer/msbuild/2003">
  <ItemGroup>
    <Filter Include="Исходные файлы">
      <UniqueIdentifier>{4FC737F1-C7A5-4376-A066-2A32D752A2FF}</UniqueIdentifier>
      <Extensions>cpp;c;cc;cxx;c++;cppm;ixx;def;odl;idl;hpj;bat;asm;asmx</Extensions>
    </Filter>
    <Filter Include="Файлы заголовков">
      <UniqueIdentifier>{93995380-89BD-4b04-88EB-625FBE52EBFB}</UniqueIdentifier>
      <Extensions>h;hh;hpp;hxx;h++;hm;inl;inc;ipp;xsd</Extensions>
    </Filter>
    <Filter Include="Файлы ресурсов">
      <UniqueIdentifier>{67DA6AB6-F800-4c08-8B7A-83BB121AAD01}</UniqueIdentifier>
      <Extensions>rc;ico;cur;bmp;dlg;rc2;rct;bin;rgs;gif;jpg;jpeg;jpe;resx;tiff;tif;png;wav;mfcribbon-ms</Extensions>
    </Filter>
  </ItemGroup>
  <ItemGroup>
    <ClCompile Include="main.cpp">
      <Filter>Исходные файлы</Filter>
    </ClCompile>
    <ClCompile Include="myXmlParser.cpp">
      <Filter>Исходные файлы</Filter>
    </ClCompile>
    <ClCompile Include="node.cpp">
      <Filter>Исходные файлы</Filter>
    </ClCompile>
    <ClCompile Include="way.cpp">
      <Filter>Исходные файлы</Filter>
    </ClCompile>
    <ClCompile Include="relation.cpp">
      <Filter>Исходные файлы</Filter>
    </ClCompile>
    <ClCompile Include="bounds.cpp">
      <Filter>Исходные файлы</Filter>
    </ClCompile>
    <ClCompile Include="guiUtils.cpp">
      <Filter>Исходные файлы</Filter>
    </ClCompile>
    <ClCompile Include="myXmlWriter.cpp">
      <Filter>Исходные файлы</Filter>
    </ClCompile>
    <ClCompile Include="mapFiltering.cpp">
      <Filter>Исходные файлы</Filter>
    </ClCompile>
    <ClCompile Include="map.cpp">
      <Filter>Исходные файлы</Filter>
    </ClCompile>
    <ClCompile Include="connection.cpp">
      <Filter>Исходные файлы</Filter>
    </ClCompile>
    <ClCompile Include="guiRepresentation.cpp">
      <Filter>Исходные файлы</Filter>
    </ClCompile>
    <ClCompile Include="graphRepresentation.cpp">
      <Filter>Исходные файлы</Filter>
    </ClCompile>
    <ClCompile Include="mapData.cpp">
      <Filter>Исходные файлы</Filter>
    </ClCompile>
    <ClCompile Include="trafficObject.cpp">
      <Filter>Исходные файлы</Filter>
    </ClCompile>
    <ClCompile Include="trafficLight.cpp">
      <Filter>Исходные файлы</Filter>
    </ClCompile>
    <ClCompile Include="trafficCar.cpp">
      <Filter>Исходные файлы</Filter>
    </ClCompile>
    <ClCompile Include="trafficDummy.cpp">
      <Filter>Исходные файлы</Filter>
    </ClCompile>
    <ClCompile Include="trafficSimulation.cpp">
      <Filter>Исходные файлы</Filter>
    </ClCompile>
  </ItemGroup>
  <ItemGroup>
    <ClInclude Include="myXmlParser.h">
      <Filter>Файлы заголовков</Filter>
    </ClInclude>
    <ClInclude Include="node.h">
      <Filter>Файлы заголовков</Filter>
    </ClInclude>
    <ClInclude Include="way.h">
      <Filter>Файлы заголовков</Filter>
    </ClInclude>
    <ClInclude Include="relation.h">
      <Filter>Файлы заголовков</Filter>
    </ClInclude>
    <ClInclude Include="bounds.h">
      <Filter>Файлы заголовков</Filter>
    </ClInclude>
    <ClInclude Include="core.h">
      <Filter>Файлы заголовков</Filter>
    </ClInclude>
    <ClInclude Include="guiUtils.h">
      <Filter>Файлы заголовков</Filter>
    </ClInclude>
    <ClInclude Include="myXmlWriter.h">
      <Filter>Файлы заголовков</Filter>
    </ClInclude>
    <ClInclude Include="mapFiltering.h">
      <Filter>Файлы заголовков</Filter>
    </ClInclude>
    <ClInclude Include="map.h">
      <Filter>Файлы заголовков</Filter>
    </ClInclude>
    <ClInclude Include="connection.h">
      <Filter>Файлы заголовков</Filter>
    </ClInclude>
    <ClInclude Include="benchmark.h">
      <Filter>Файлы заголовков</Filter>
    </ClInclude>
    <ClInclude Include="graphRepresentation.h">
      <Filter>Файлы заголовков</Filter>
    </ClInclude>
    <ClInclude Include="guiRepresentation.h">
      <Filter>Файлы заголовков</Filter>
    </ClInclude>
    <ClInclude Include="mapData.h">
      <Filter>Файлы заголовков</Filter>
    </ClInclude>
    <ClInclude Include="trafficObject.h">
      <Filter>Файлы заголовков</Filter>
    </ClInclude>
    <ClInclude Include="trafficLight.h">
      <Filter>Файлы заголовков</Filter>
    </ClInclude>
    <ClInclude Include="trafficCar.h">
      <Filter>Файлы заголовков</Filter>
    </ClInclude>
    <ClInclude Include="trafficSimulation.h">
      <Filter>Файлы заголовков</Filter>
    </ClInclude>
    <ClInclude Include="trafficDummy.h">
      <Filter>Файлы заголовков</Filter>
    </ClInclude>
  </ItemGroup>
</Project>